{
  "version": 4,
  "terraform_version": "1.9.8",
  "serial": 11,
  "lineage": "afe10433-290d-efb5-4682-9cf4c4891e26",
  "outputs": {},
  "resources": [
    {
      "module": "module.proxmox_lxc",
      "mode": "managed",
      "type": "proxmox_lxc",
      "name": "basic",
      "provider": "module.proxmox_lxc.provider[\"registry.terraform.io/telmate/proxmox\"]",
      "instances": [
        {
          "schema_version": 0,
          "attributes": {
            "arch": "amd64",
            "bwlimit": 0,
            "clone": null,
            "clone_storage": null,
            "cmode": "tty",
            "console": true,
            "cores": 1,
            "cpulimit": 0,
            "cpuunits": 1024,
            "description": "",
            "features": [],
            "force": false,
            "full": null,
            "hagroup": "",
            "hastate": "",
            "hookscript": "",
            "hostname": "lxc-basic",
            "id": "pve02/lxc/240",
            "ignore_unpack_errors": false,
            "lock": "",
            "memory": 512,
            "mountpoint": [],
            "nameserver": "",
            "network": [
              {
                "bridge": "vmbr0",
                "firewall": false,
                "gw": "192.168.11.1",
                "gw6": "",
                "hwaddr": "BC:24:11:C1:33:E5",
                "id": 0,
                "ip": "192.168.11.240/24",
                "ip6": "",
                "mtu": 0,
                "name": "eth0",
                "rate": 0,
                "tag": 0,
                "trunks": "",
                "type": "veth"
              }
            ],
            "onboot": false,
            "ostemplate": "local:vztmpl/ubuntu-24.10-standard_24.10-1_amd64.tar.zst",
            "ostype": "ubuntu",
            "password": "lxc_secret",
            "pool": null,
            "protection": false,
            "restore": false,
            "rootfs": [
              {
                "acl": false,
                "quota": false,
                "replicate": false,
                "ro": false,
                "shared": false,
                "size": "32G",
                "storage": "local-lvm",
                "volume": "local-lvm:vm-240-disk-0"
              }
            ],
            "searchdomain": "",
            "ssh_public_keys": "ecdsa-sha2-nistp521 AAAAE2VjZHNhLXNoYTItbmlzdHA1MjEAAAAIbmlzdHA1MjEAAACFBAFENRdM4NwJfgRO/MqntSOLZxSy0fTLkj0etUL/CnakA7gNI9YuZUYQxtGVa80Oc+6bZjT38Nd6Eico5RoRVAdlzwEEfQq+iy3v/W8c0ElybiSQmPIw7Mc7KaEyUhMb1LgmVleZYsEizJV/89/lNGvPVjUXkcEZsliIMROuFepQASUiuQ== iwakiaoiyou@AobaMacBookAir.local\n",
            "start": false,
            "startup": "",
            "swap": 0,
            "tags": "",
            "target_node": "pve02",
            "template": false,
            "timeouts": null,
            "tty": 2,
            "unique": false,
            "unprivileged": true,
            "unused": [],
            "vmid": 240
          },
          "sensitive_attributes": [
            [
              {
                "type": "get_attr",
                "value": "password"
              }
            ]
          ],
          "private": "eyJlMmJmYjczMC1lY2FhLTExZTYtOGY4OC0zNDM2M2JjN2M0YzAiOnsiY3JlYXRlIjoxMjAwMDAwMDAwMDAwLCJkZWZhdWx0IjoxMjAwMDAwMDAwMDAwLCJkZWxldGUiOjEyMDAwMDAwMDAwMDAsInJlYWQiOjEyMDAwMDAwMDAwMDAsInVwZGF0ZSI6MTIwMDAwMDAwMDAwMH19"
        }
      ]
    }
  ],
  "check_results": null
}
